{
  "requires": true,
  "lockfileVersion": 1,
  "dependencies": {
    "postprocessing": {
      "version": "6.5.1",
      "resolved": "https://registry.npmjs.org/postprocessing/-/postprocessing-6.5.1.tgz",
      "integrity": "sha512-hPD7p/2QMYWprhqh2VYIOkW+9xf+bofTvdf1c6DmN6G5GPwK/ogCq3y6xVDqCstDUor6c+S1BNWZVTtgfOqYhQ=="
    },
    "three": {
      "version": "0.107.0",
      "resolved": "https://registry.npmjs.org/three/-/three-0.107.0.tgz",
      "integrity": "sha512-vqbKJRLBEviPVa7poEzXocobicwxzsctr5mnymA7n8fEzcVS49rYP0RrwqZ98JqujRoruK+/YzcchNpRP+kXsQ=="
    }
  }
}
